// !$*UTF8*$!
{
	archiveVersion = 1;
	classes = {
	};
	objectVersion = 46;
	objects = {

/* Begin PBXBuildFile section */
		3E0E69371D758B8D00D911F4 /* BLGeneralCell.m in Sources */ = {isa = PBXBuildFile; fileRef = 3E0E69351D758B8D00D911F4 /* BLGeneralCell.m */; };
		3E0E69381D758B8D00D911F4 /* BLGeneralCell.xib in Resources */ = {isa = PBXBuildFile; fileRef = 3E0E69361D758B8D00D911F4 /* BLGeneralCell.xib */; };
		3E0E693C1D758C0200D911F4 /* BLHurryCell.m in Sources */ = {isa = PBXBuildFile; fileRef = 3E0E693A1D758C0200D911F4 /* BLHurryCell.m */; };
		3E0E693D1D758C0200D911F4 /* BLHurryCell.xib in Resources */ = {isa = PBXBuildFile; fileRef = 3E0E693B1D758C0200D911F4 /* BLHurryCell.xib */; };
		BA6DD36E1D7574EE00420B13 /* BLLoginViewController.m in Sources */ = {isa = PBXBuildFile; fileRef = BA6DD36A1D7574EE00420B13 /* BLLoginViewController.m */; };
		BA6DD36F1D7574EE00420B13 /* BLLoginViewController.xib in Resources */ = {isa = PBXBuildFile; fileRef = BA6DD36B1D7574EE00420B13 /* BLLoginViewController.xib */; };
		BA6DD3721D75753900420B13 /* BLLoginBtn.m in Sources */ = {isa = PBXBuildFile; fileRef = BA6DD3711D75753900420B13 /* BLLoginBtn.m */; };
		BA6DD3761D75784B00420B13 /* BLBalanceViewController.m in Sources */ = {isa = PBXBuildFile; fileRef = BA6DD3741D75784B00420B13 /* BLBalanceViewController.m */; };
		BA6DD3771D75784B00420B13 /* BLBalanceViewController.xib in Resources */ = {isa = PBXBuildFile; fileRef = BA6DD3751D75784B00420B13 /* BLBalanceViewController.xib */; };
		BA6DD37A1D7579B300420B13 /* BLBalanceTabelHearderView.m in Sources */ = {isa = PBXBuildFile; fileRef = BA6DD3791D7579B300420B13 /* BLBalanceTabelHearderView.m */; };
		BA6DD37C1D7579CC00420B13 /* BLBalanceTabelHearderView.xib in Resources */ = {isa = PBXBuildFile; fileRef = BA6DD37B1D7579CC00420B13 /* BLBalanceTabelHearderView.xib */; };
		BA6DD3801D757AF500420B13 /* BLBalanceTableViewCell.m in Sources */ = {isa = PBXBuildFile; fileRef = BA6DD37E1D757AF500420B13 /* BLBalanceTableViewCell.m */; };
		BA6DD3811D757AF500420B13 /* BLBalanceTableViewCell.xib in Resources */ = {isa = PBXBuildFile; fileRef = BA6DD37F1D757AF500420B13 /* BLBalanceTableViewCell.xib */; };
		BA6DD3841D757C2D00420B13 /* BLBanlanceCellModel.m in Sources */ = {isa = PBXBuildFile; fileRef = BA6DD3831D757C2D00420B13 /* BLBanlanceCellModel.m */; };
		BA8A53C81D742AFD00F770BE /* UIView+HBExtension.m in Sources */ = {isa = PBXBuildFile; fileRef = BA8A53C71D742AFD00F770BE /* UIView+HBExtension.m */; };
		BA8A53CB1D74318200F770BE /* BLScrollNotifiView.m in Sources */ = {isa = PBXBuildFile; fileRef = BA8A53CA1D74318200F770BE /* BLScrollNotifiView.m */; };
		BA8A53CE1D7438B200F770BE /* BBCyclingLabel.m in Sources */ = {isa = PBXBuildFile; fileRef = BA8A53CD1D7438B200F770BE /* BBCyclingLabel.m */; };
		BA8A53D11D743D4700F770BE /* UISearchBar+HH.m in Sources */ = {isa = PBXBuildFile; fileRef = BA8A53D01D743D4700F770BE /* UISearchBar+HH.m */; };
		BA8A53D41D743F2900F770BE /* UIImage+XMGExtension.m in Sources */ = {isa = PBXBuildFile; fileRef = BA8A53D31D743F2900F770BE /* UIImage+XMGExtension.m */; };
		BA8A53D71D75135100F770BE /* BLTableHearderView.m in Sources */ = {isa = PBXBuildFile; fileRef = BA8A53D61D75135100F770BE /* BLTableHearderView.m */; };
		BA8A53D91D75136300F770BE /* BLTableHearderView.xib in Resources */ = {isa = PBXBuildFile; fileRef = BA8A53D81D75136300F770BE /* BLTableHearderView.xib */; };
		BA8A53DC1D751C5C00F770BE /* BLOrderButton.m in Sources */ = {isa = PBXBuildFile; fileRef = BA8A53DB1D751C5C00F770BE /* BLOrderButton.m */; };
		BA8A53E01D7560BD00F770BE /* BLMyInfoViewController.m in Sources */ = {isa = PBXBuildFile; fileRef = BA8A53DE1D7560BD00F770BE /* BLMyInfoViewController.m */; };
		BA8A53E11D7560BD00F770BE /* BLMyInfoViewController.xib in Resources */ = {isa = PBXBuildFile; fileRef = BA8A53DF1D7560BD00F770BE /* BLMyInfoViewController.xib */; };
		BA8A53E51D75612900F770BE /* BLMyInfoTableViewCell.m in Sources */ = {isa = PBXBuildFile; fileRef = BA8A53E31D75612900F770BE /* BLMyInfoTableViewCell.m */; };
		BA8A53E61D75612900F770BE /* BLMyInfoTableViewCell.xib in Resources */ = {isa = PBXBuildFile; fileRef = BA8A53E41D75612900F770BE /* BLMyInfoTableViewCell.xib */; };
		BA8A53EA1D75695B00F770BE /* BLBaseViewController.m in Sources */ = {isa = PBXBuildFile; fileRef = BA8A53E91D75695B00F770BE /* BLBaseViewController.m */; };
		BA8A53ED1D7569C800F770BE /* BLMyInfoTabelHeardView.m in Sources */ = {isa = PBXBuildFile; fileRef = BA8A53EC1D7569C800F770BE /* BLMyInfoTabelHeardView.m */; };
		BA8A53EF1D7569E400F770BE /* BLMyInfoTabelHeardView.xib in Resources */ = {isa = PBXBuildFile; fileRef = BA8A53EE1D7569E400F770BE /* BLMyInfoTabelHeardView.xib */; };
		BA8A53F21D756C4A00F770BE /* BLInfoButton.m in Sources */ = {isa = PBXBuildFile; fileRef = BA8A53F11D756C4A00F770BE /* BLInfoButton.m */; };
		BAB40AD11D73CED4008DD2D5 /* main.m in Sources */ = {isa = PBXBuildFile; fileRef = BAB40AD01D73CED4008DD2D5 /* main.m */; };
		BAB40AD41D73CED4008DD2D5 /* AppDelegate.m in Sources */ = {isa = PBXBuildFile; fileRef = BAB40AD31D73CED4008DD2D5 /* AppDelegate.m */; };
		BAB40ADC1D73CED5008DD2D5 /* Assets.xcassets in Resources */ = {isa = PBXBuildFile; fileRef = BAB40ADB1D73CED5008DD2D5 /* Assets.xcassets */; };
		BAB40AEA1D73CED5008DD2D5 /* BiLingTests.m in Sources */ = {isa = PBXBuildFile; fileRef = BAB40AE91D73CED5008DD2D5 /* BiLingTests.m */; };
		BAB40AF51D73CED5008DD2D5 /* BiLingUITests.m in Sources */ = {isa = PBXBuildFile; fileRef = BAB40AF41D73CED5008DD2D5 /* BiLingUITests.m */; };
		BAB40B0E1D73D57B008DD2D5 /* CYLPlusButton.m in Sources */ = {isa = PBXBuildFile; fileRef = BAB40B071D73D57B008DD2D5 /* CYLPlusButton.m */; };
		BAB40B0F1D73D57B008DD2D5 /* CYLTabBar.m in Sources */ = {isa = PBXBuildFile; fileRef = BAB40B091D73D57B008DD2D5 /* CYLTabBar.m */; };
		BAB40B101D73D57B008DD2D5 /* CYLTabBarController.m in Sources */ = {isa = PBXBuildFile; fileRef = BAB40B0B1D73D57B008DD2D5 /* CYLTabBarController.m */; };
		BAB40B111D73D57B008DD2D5 /* UIViewController+CYLTabBarControllerExtention.m in Sources */ = {isa = PBXBuildFile; fileRef = BAB40B0D1D73D57B008DD2D5 /* UIViewController+CYLTabBarControllerExtention.m */; };
		BAB40B141D73D694008DD2D5 /* CYLTabBarControllerConfig.m in Sources */ = {isa = PBXBuildFile; fileRef = BAB40B131D73D694008DD2D5 /* CYLTabBarControllerConfig.m */; };
		BAB40B241D73D97F008DD2D5 /* BLHomeViewController.m in Sources */ = {isa = PBXBuildFile; fileRef = BAB40B201D73D97F008DD2D5 /* BLHomeViewController.m */; };
		BAB40B251D73D97F008DD2D5 /* BLHomeViewController.xib in Resources */ = {isa = PBXBuildFile; fileRef = BAB40B211D73D97F008DD2D5 /* BLHomeViewController.xib */; };
		BAB40B321D73D9CF008DD2D5 /* BLFindViewController.m in Sources */ = {isa = PBXBuildFile; fileRef = BAB40B301D73D9CF008DD2D5 /* BLFindViewController.m */; };
		BAB40B331D73D9CF008DD2D5 /* BLFindViewController.xib in Resources */ = {isa = PBXBuildFile; fileRef = BAB40B311D73D9CF008DD2D5 /* BLFindViewController.xib */; };
		BAB40B371D73D9E0008DD2D5 /* BLMessageViewController.m in Sources */ = {isa = PBXBuildFile; fileRef = BAB40B351D73D9E0008DD2D5 /* BLMessageViewController.m */; };
		BAB40B381D73D9E0008DD2D5 /* BLMessageViewController.xib in Resources */ = {isa = PBXBuildFile; fileRef = BAB40B361D73D9E0008DD2D5 /* BLMessageViewController.xib */; };
		BAB40B3C1D73DA01008DD2D5 /* BLMyViewController.m in Sources */ = {isa = PBXBuildFile; fileRef = BAB40B3A1D73DA01008DD2D5 /* BLMyViewController.m */; };
		BAB40B3D1D73DA01008DD2D5 /* BLMyViewController.xib in Resources */ = {isa = PBXBuildFile; fileRef = BAB40B3B1D73DA01008DD2D5 /* BLMyViewController.xib */; };
		BAB40C661D73E0CD008DD2D5 /* BLPlusButton.m in Sources */ = {isa = PBXBuildFile; fileRef = BAB40C651D73E0CD008DD2D5 /* BLPlusButton.m */; };
		BAB40C6F1D73E7B1008DD2D5 /* PTextField.m in Sources */ = {isa = PBXBuildFile; fileRef = BAB40C6E1D73E7B1008DD2D5 /* PTextField.m */; };
		BAB40C721D73E8C6008DD2D5 /* UIBarButtonItem+MJ.m in Sources */ = {isa = PBXBuildFile; fileRef = BAB40C711D73E8C6008DD2D5 /* UIBarButtonItem+MJ.m */; };
		BAB40C751D73FAAA008DD2D5 /* BLUserManager.m in Sources */ = {isa = PBXBuildFile; fileRef = BAB40C741D73FAAA008DD2D5 /* BLUserManager.m */; };
		BAB40C791D73FBFD008DD2D5 /* HHHttpTool.m in Sources */ = {isa = PBXBuildFile; fileRef = BAB40C781D73FBFD008DD2D5 /* HHHttpTool.m */; };
		BAB40C7D1D740892008DD2D5 /* BLPlusViewController.m in Sources */ = {isa = PBXBuildFile; fileRef = BAB40C7B1D740892008DD2D5 /* BLPlusViewController.m */; };
		BAB40C7E1D740892008DD2D5 /* BLPlusViewController.xib in Resources */ = {isa = PBXBuildFile; fileRef = BAB40C7C1D740892008DD2D5 /* BLPlusViewController.xib */; };
		BAB40C831D7414D2008DD2D5 /* BLFunctionButton.m in Sources */ = {isa = PBXBuildFile; fileRef = BAB40C821D7414D2008DD2D5 /* BLFunctionButton.m */; };
		BAB40C861D741B14008DD2D5 /* BLHotNeedButton.m in Sources */ = {isa = PBXBuildFile; fileRef = BAB40C851D741B14008DD2D5 /* BLHotNeedButton.m */; };
		BAEA1B971D7666C600775236 /* BLNavigationViewController.m in Sources */ = {isa = PBXBuildFile; fileRef = BAEA1B961D7666C600775236 /* BLNavigationViewController.m */; };
		BAEA1B9F1D76670200775236 /* LCPanGestureRecognizer.m in Sources */ = {isa = PBXBuildFile; fileRef = BAEA1B9A1D76670200775236 /* LCPanGestureRecognizer.m */; };
		BAEA1BA01D76670200775236 /* LCPanNavigationController.m in Sources */ = {isa = PBXBuildFile; fileRef = BAEA1B9C1D76670200775236 /* LCPanNavigationController.m */; };
		BAEA1BA11D76670200775236 /* UIView+Snapshot.m in Sources */ = {isa = PBXBuildFile; fileRef = BAEA1B9E1D76670200775236 /* UIView+Snapshot.m */; };
		BAEA1BA61D7681B800775236 /* BLMyOrderViewController.m in Sources */ = {isa = PBXBuildFile; fileRef = BAEA1BA51D7681B800775236 /* BLMyOrderViewController.m */; };
		BAEA1BAB1D76828100775236 /* BLConst.m in Sources */ = {isa = PBXBuildFile; fileRef = BAEA1BAA1D76828100775236 /* BLConst.m */; };
		BAEA1BB11D76834800775236 /* BLMyOrderChildViewController.m in Sources */ = {isa = PBXBuildFile; fileRef = BAEA1BAF1D76834800775236 /* BLMyOrderChildViewController.m */; };
		BAEA1BB61D76852E00775236 /* BLMyOrderChildTableViewCell.m in Sources */ = {isa = PBXBuildFile; fileRef = BAEA1BB41D76852E00775236 /* BLMyOrderChildTableViewCell.m */; };
		BAEA1BB71D76852E00775236 /* BLMyOrderChildTableViewCell.xib in Resources */ = {isa = PBXBuildFile; fileRef = BAEA1BB51D76852E00775236 /* BLMyOrderChildTableViewCell.xib */; };
		F67424266205AA2ABD5282A9 /* libPods-BiLing.a in Frameworks */ = {isa = PBXBuildFile; fileRef = 7295F79C25E1F5FBFCF3E569 /* libPods-BiLing.a */; };
/* End PBXBuildFile section */

/* Begin PBXContainerItemProxy section */
		BAB40AE61D73CED5008DD2D5 /* PBXContainerItemProxy */ = {
			isa = PBXContainerItemProxy;
			containerPortal = BAB40AC41D73CED3008DD2D5 /* Project object */;
			proxyType = 1;
			remoteGlobalIDString = BAB40ACB1D73CED3008DD2D5;
			remoteInfo = BiLing;
		};
		BAB40AF11D73CED5008DD2D5 /* PBXContainerItemProxy */ = {
			isa = PBXContainerItemProxy;
			containerPortal = BAB40AC41D73CED3008DD2D5 /* Project object */;
			proxyType = 1;
			remoteGlobalIDString = BAB40ACB1D73CED3008DD2D5;
			remoteInfo = BiLing;
		};
/* End PBXContainerItemProxy section */

/* Begin PBXFileReference section */
		284616D67AF9877C222A246A /* Pods-BiLing.debug.xcconfig */ = {isa = PBXFileReference; includeInIndex = 1; lastKnownFileType = text.xcconfig; name = "Pods-BiLing.debug.xcconfig"; path = "Pods/Target Support Files/Pods-BiLing/Pods-BiLing.debug.xcconfig"; sourceTree = "<group>"; };
		3E0E69341D758B8D00D911F4 /* BLGeneralCell.h */ = {isa = PBXFileReference; fileEncoding = 4; lastKnownFileType = sourcecode.c.h; path = BLGeneralCell.h; sourceTree = "<group>"; };
		3E0E69351D758B8D00D911F4 /* BLGeneralCell.m */ = {isa = PBXFileReference; fileEncoding = 4; lastKnownFileType = sourcecode.c.objc; path = BLGeneralCell.m; sourceTree = "<group>"; };
		3E0E69361D758B8D00D911F4 /* BLGeneralCell.xib */ = {isa = PBXFileReference; fileEncoding = 4; lastKnownFileType = file.xib; path = BLGeneralCell.xib; sourceTree = "<group>"; };
		3E0E69391D758C0200D911F4 /* BLHurryCell.h */ = {isa = PBXFileReference; fileEncoding = 4; lastKnownFileType = sourcecode.c.h; path = BLHurryCell.h; sourceTree = "<group>"; };
		3E0E693A1D758C0200D911F4 /* BLHurryCell.m */ = {isa = PBXFileReference; fileEncoding = 4; lastKnownFileType = sourcecode.c.objc; path = BLHurryCell.m; sourceTree = "<group>"; };
		3E0E693B1D758C0200D911F4 /* BLHurryCell.xib */ = {isa = PBXFileReference; fileEncoding = 4; lastKnownFileType = file.xib; path = BLHurryCell.xib; sourceTree = "<group>"; };
		7295F79C25E1F5FBFCF3E569 /* libPods-BiLing.a */ = {isa = PBXFileReference; explicitFileType = archive.ar; includeInIndex = 0; path = "libPods-BiLing.a"; sourceTree = BUILT_PRODUCTS_DIR; };
		BA6DD3691D7574EE00420B13 /* BLLoginViewController.h */ = {isa = PBXFileReference; fileEncoding = 4; lastKnownFileType = sourcecode.c.h; path = BLLoginViewController.h; sourceTree = "<group>"; };
		BA6DD36A1D7574EE00420B13 /* BLLoginViewController.m */ = {isa = PBXFileReference; fileEncoding = 4; lastKnownFileType = sourcecode.c.objc; path = BLLoginViewController.m; sourceTree = "<group>"; };
		BA6DD36B1D7574EE00420B13 /* BLLoginViewController.xib */ = {isa = PBXFileReference; fileEncoding = 4; lastKnownFileType = file.xib; path = BLLoginViewController.xib; sourceTree = "<group>"; };
		BA6DD3701D75753900420B13 /* BLLoginBtn.h */ = {isa = PBXFileReference; fileEncoding = 4; lastKnownFileType = sourcecode.c.h; path = BLLoginBtn.h; sourceTree = "<group>"; };
		BA6DD3711D75753900420B13 /* BLLoginBtn.m */ = {isa = PBXFileReference; fileEncoding = 4; lastKnownFileType = sourcecode.c.objc; path = BLLoginBtn.m; sourceTree = "<group>"; };
		BA6DD3731D75784B00420B13 /* BLBalanceViewController.h */ = {isa = PBXFileReference; fileEncoding = 4; lastKnownFileType = sourcecode.c.h; path = BLBalanceViewController.h; sourceTree = "<group>"; };
		BA6DD3741D75784B00420B13 /* BLBalanceViewController.m */ = {isa = PBXFileReference; fileEncoding = 4; lastKnownFileType = sourcecode.c.objc; path = BLBalanceViewController.m; sourceTree = "<group>"; };
		BA6DD3751D75784B00420B13 /* BLBalanceViewController.xib */ = {isa = PBXFileReference; fileEncoding = 4; lastKnownFileType = file.xib; path = BLBalanceViewController.xib; sourceTree = "<group>"; };
		BA6DD3781D7579B300420B13 /* BLBalanceTabelHearderView.h */ = {isa = PBXFileReference; fileEncoding = 4; lastKnownFileType = sourcecode.c.h; path = BLBalanceTabelHearderView.h; sourceTree = "<group>"; };
		BA6DD3791D7579B300420B13 /* BLBalanceTabelHearderView.m */ = {isa = PBXFileReference; fileEncoding = 4; lastKnownFileType = sourcecode.c.objc; path = BLBalanceTabelHearderView.m; sourceTree = "<group>"; };
		BA6DD37B1D7579CC00420B13 /* BLBalanceTabelHearderView.xib */ = {isa = PBXFileReference; fileEncoding = 4; lastKnownFileType = file.xib; path = BLBalanceTabelHearderView.xib; sourceTree = "<group>"; };
		BA6DD37D1D757AF500420B13 /* BLBalanceTableViewCell.h */ = {isa = PBXFileReference; fileEncoding = 4; lastKnownFileType = sourcecode.c.h; path = BLBalanceTableViewCell.h; sourceTree = "<group>"; };
		BA6DD37E1D757AF500420B13 /* BLBalanceTableViewCell.m */ = {isa = PBXFileReference; fileEncoding = 4; lastKnownFileType = sourcecode.c.objc; path = BLBalanceTableViewCell.m; sourceTree = "<group>"; };
		BA6DD37F1D757AF500420B13 /* BLBalanceTableViewCell.xib */ = {isa = PBXFileReference; fileEncoding = 4; lastKnownFileType = file.xib; path = BLBalanceTableViewCell.xib; sourceTree = "<group>"; };
		BA6DD3821D757C2D00420B13 /* BLBanlanceCellModel.h */ = {isa = PBXFileReference; fileEncoding = 4; lastKnownFileType = sourcecode.c.h; path = BLBanlanceCellModel.h; sourceTree = "<group>"; };
		BA6DD3831D757C2D00420B13 /* BLBanlanceCellModel.m */ = {isa = PBXFileReference; fileEncoding = 4; lastKnownFileType = sourcecode.c.objc; path = BLBanlanceCellModel.m; sourceTree = "<group>"; };
		BA8A53C61D742AFD00F770BE /* UIView+HBExtension.h */ = {isa = PBXFileReference; fileEncoding = 4; lastKnownFileType = sourcecode.c.h; path = "UIView+HBExtension.h"; sourceTree = "<group>"; };
		BA8A53C71D742AFD00F770BE /* UIView+HBExtension.m */ = {isa = PBXFileReference; fileEncoding = 4; lastKnownFileType = sourcecode.c.objc; path = "UIView+HBExtension.m"; sourceTree = "<group>"; };
		BA8A53C91D74318200F770BE /* BLScrollNotifiView.h */ = {isa = PBXFileReference; fileEncoding = 4; lastKnownFileType = sourcecode.c.h; path = BLScrollNotifiView.h; sourceTree = "<group>"; };
		BA8A53CA1D74318200F770BE /* BLScrollNotifiView.m */ = {isa = PBXFileReference; fileEncoding = 4; lastKnownFileType = sourcecode.c.objc; path = BLScrollNotifiView.m; sourceTree = "<group>"; };
		BA8A53CC1D7438B200F770BE /* BBCyclingLabel.h */ = {isa = PBXFileReference; fileEncoding = 4; lastKnownFileType = sourcecode.c.h; path = BBCyclingLabel.h; sourceTree = "<group>"; };
		BA8A53CD1D7438B200F770BE /* BBCyclingLabel.m */ = {isa = PBXFileReference; fileEncoding = 4; lastKnownFileType = sourcecode.c.objc; path = BBCyclingLabel.m; sourceTree = "<group>"; };
		BA8A53CF1D743D4700F770BE /* UISearchBar+HH.h */ = {isa = PBXFileReference; fileEncoding = 4; lastKnownFileType = sourcecode.c.h; path = "UISearchBar+HH.h"; sourceTree = "<group>"; };
		BA8A53D01D743D4700F770BE /* UISearchBar+HH.m */ = {isa = PBXFileReference; fileEncoding = 4; lastKnownFileType = sourcecode.c.objc; path = "UISearchBar+HH.m"; sourceTree = "<group>"; };
		BA8A53D21D743F2900F770BE /* UIImage+XMGExtension.h */ = {isa = PBXFileReference; fileEncoding = 4; lastKnownFileType = sourcecode.c.h; path = "UIImage+XMGExtension.h"; sourceTree = "<group>"; };
		BA8A53D31D743F2900F770BE /* UIImage+XMGExtension.m */ = {isa = PBXFileReference; fileEncoding = 4; lastKnownFileType = sourcecode.c.objc; path = "UIImage+XMGExtension.m"; sourceTree = "<group>"; };
		BA8A53D51D75135100F770BE /* BLTableHearderView.h */ = {isa = PBXFileReference; fileEncoding = 4; lastKnownFileType = sourcecode.c.h; path = BLTableHearderView.h; sourceTree = "<group>"; };
		BA8A53D61D75135100F770BE /* BLTableHearderView.m */ = {isa = PBXFileReference; fileEncoding = 4; lastKnownFileType = sourcecode.c.objc; path = BLTableHearderView.m; sourceTree = "<group>"; };
		BA8A53D81D75136300F770BE /* BLTableHearderView.xib */ = {isa = PBXFileReference; fileEncoding = 4; lastKnownFileType = file.xib; path = BLTableHearderView.xib; sourceTree = "<group>"; };
		BA8A53DA1D751C5C00F770BE /* BLOrderButton.h */ = {isa = PBXFileReference; fileEncoding = 4; lastKnownFileType = sourcecode.c.h; path = BLOrderButton.h; sourceTree = "<group>"; };
		BA8A53DB1D751C5C00F770BE /* BLOrderButton.m */ = {isa = PBXFileReference; fileEncoding = 4; lastKnownFileType = sourcecode.c.objc; path = BLOrderButton.m; sourceTree = "<group>"; };
		BA8A53DD1D7560BD00F770BE /* BLMyInfoViewController.h */ = {isa = PBXFileReference; fileEncoding = 4; lastKnownFileType = sourcecode.c.h; path = BLMyInfoViewController.h; sourceTree = "<group>"; };
		BA8A53DE1D7560BD00F770BE /* BLMyInfoViewController.m */ = {isa = PBXFileReference; fileEncoding = 4; lastKnownFileType = sourcecode.c.objc; path = BLMyInfoViewController.m; sourceTree = "<group>"; };
		BA8A53DF1D7560BD00F770BE /* BLMyInfoViewController.xib */ = {isa = PBXFileReference; fileEncoding = 4; lastKnownFileType = file.xib; path = BLMyInfoViewController.xib; sourceTree = "<group>"; };
		BA8A53E21D75612900F770BE /* BLMyInfoTableViewCell.h */ = {isa = PBXFileReference; fileEncoding = 4; lastKnownFileType = sourcecode.c.h; path = BLMyInfoTableViewCell.h; sourceTree = "<group>"; };
		BA8A53E31D75612900F770BE /* BLMyInfoTableViewCell.m */ = {isa = PBXFileReference; fileEncoding = 4; lastKnownFileType = sourcecode.c.objc; path = BLMyInfoTableViewCell.m; sourceTree = "<group>"; };
		BA8A53E41D75612900F770BE /* BLMyInfoTableViewCell.xib */ = {isa = PBXFileReference; fileEncoding = 4; lastKnownFileType = file.xib; path = BLMyInfoTableViewCell.xib; sourceTree = "<group>"; };
		BA8A53E81D75695B00F770BE /* BLBaseViewController.h */ = {isa = PBXFileReference; fileEncoding = 4; lastKnownFileType = sourcecode.c.h; path = BLBaseViewController.h; sourceTree = "<group>"; };
		BA8A53E91D75695B00F770BE /* BLBaseViewController.m */ = {isa = PBXFileReference; fileEncoding = 4; lastKnownFileType = sourcecode.c.objc; path = BLBaseViewController.m; sourceTree = "<group>"; };
		BA8A53EB1D7569C800F770BE /* BLMyInfoTabelHeardView.h */ = {isa = PBXFileReference; fileEncoding = 4; lastKnownFileType = sourcecode.c.h; path = BLMyInfoTabelHeardView.h; sourceTree = "<group>"; };
		BA8A53EC1D7569C800F770BE /* BLMyInfoTabelHeardView.m */ = {isa = PBXFileReference; fileEncoding = 4; lastKnownFileType = sourcecode.c.objc; path = BLMyInfoTabelHeardView.m; sourceTree = "<group>"; };
		BA8A53EE1D7569E400F770BE /* BLMyInfoTabelHeardView.xib */ = {isa = PBXFileReference; fileEncoding = 4; lastKnownFileType = file.xib; path = BLMyInfoTabelHeardView.xib; sourceTree = "<group>"; };
		BA8A53F01D756C4A00F770BE /* BLInfoButton.h */ = {isa = PBXFileReference; fileEncoding = 4; lastKnownFileType = sourcecode.c.h; path = BLInfoButton.h; sourceTree = "<group>"; };
		BA8A53F11D756C4A00F770BE /* BLInfoButton.m */ = {isa = PBXFileReference; fileEncoding = 4; lastKnownFileType = sourcecode.c.objc; path = BLInfoButton.m; sourceTree = "<group>"; };
		BAB40ACC1D73CED3008DD2D5 /* BiLing.app */ = {isa = PBXFileReference; explicitFileType = wrapper.application; includeInIndex = 0; path = BiLing.app; sourceTree = BUILT_PRODUCTS_DIR; };
		BAB40AD01D73CED4008DD2D5 /* main.m */ = {isa = PBXFileReference; lastKnownFileType = sourcecode.c.objc; path = main.m; sourceTree = "<group>"; };
		BAB40AD21D73CED4008DD2D5 /* AppDelegate.h */ = {isa = PBXFileReference; lastKnownFileType = sourcecode.c.h; path = AppDelegate.h; sourceTree = "<group>"; };
		BAB40AD31D73CED4008DD2D5 /* AppDelegate.m */ = {isa = PBXFileReference; lastKnownFileType = sourcecode.c.objc; path = AppDelegate.m; sourceTree = "<group>"; };
		BAB40ADB1D73CED5008DD2D5 /* Assets.xcassets */ = {isa = PBXFileReference; lastKnownFileType = folder.assetcatalog; path = Assets.xcassets; sourceTree = "<group>"; };
		BAB40AE01D73CED5008DD2D5 /* Info.plist */ = {isa = PBXFileReference; lastKnownFileType = text.plist.xml; path = Info.plist; sourceTree = "<group>"; };
		BAB40AE51D73CED5008DD2D5 /* BiLingTests.xctest */ = {isa = PBXFileReference; explicitFileType = wrapper.cfbundle; includeInIndex = 0; path = BiLingTests.xctest; sourceTree = BUILT_PRODUCTS_DIR; };
		BAB40AE91D73CED5008DD2D5 /* BiLingTests.m */ = {isa = PBXFileReference; lastKnownFileType = sourcecode.c.objc; path = BiLingTests.m; sourceTree = "<group>"; };
		BAB40AEB1D73CED5008DD2D5 /* Info.plist */ = {isa = PBXFileReference; lastKnownFileType = text.plist.xml; path = Info.plist; sourceTree = "<group>"; };
		BAB40AF01D73CED5008DD2D5 /* BiLingUITests.xctest */ = {isa = PBXFileReference; explicitFileType = wrapper.cfbundle; includeInIndex = 0; path = BiLingUITests.xctest; sourceTree = BUILT_PRODUCTS_DIR; };
		BAB40AF41D73CED5008DD2D5 /* BiLingUITests.m */ = {isa = PBXFileReference; lastKnownFileType = sourcecode.c.objc; path = BiLingUITests.m; sourceTree = "<group>"; };
		BAB40AF61D73CED5008DD2D5 /* Info.plist */ = {isa = PBXFileReference; lastKnownFileType = text.plist.xml; path = Info.plist; sourceTree = "<group>"; };
		BAB40B051D73D57B008DD2D5 /* CYLConstants.h */ = {isa = PBXFileReference; fileEncoding = 4; lastKnownFileType = sourcecode.c.h; path = CYLConstants.h; sourceTree = "<group>"; };
		BAB40B061D73D57B008DD2D5 /* CYLPlusButton.h */ = {isa = PBXFileReference; fileEncoding = 4; lastKnownFileType = sourcecode.c.h; path = CYLPlusButton.h; sourceTree = "<group>"; };
		BAB40B071D73D57B008DD2D5 /* CYLPlusButton.m */ = {isa = PBXFileReference; fileEncoding = 4; lastKnownFileType = sourcecode.c.objc; path = CYLPlusButton.m; sourceTree = "<group>"; };
		BAB40B081D73D57B008DD2D5 /* CYLTabBar.h */ = {isa = PBXFileReference; fileEncoding = 4; lastKnownFileType = sourcecode.c.h; path = CYLTabBar.h; sourceTree = "<group>"; };
		BAB40B091D73D57B008DD2D5 /* CYLTabBar.m */ = {isa = PBXFileReference; fileEncoding = 4; lastKnownFileType = sourcecode.c.objc; path = CYLTabBar.m; sourceTree = "<group>"; };
		BAB40B0A1D73D57B008DD2D5 /* CYLTabBarController.h */ = {isa = PBXFileReference; fileEncoding = 4; lastKnownFileType = sourcecode.c.h; path = CYLTabBarController.h; sourceTree = "<group>"; };
		BAB40B0B1D73D57B008DD2D5 /* CYLTabBarController.m */ = {isa = PBXFileReference; fileEncoding = 4; lastKnownFileType = sourcecode.c.objc; path = CYLTabBarController.m; sourceTree = "<group>"; };
		BAB40B0C1D73D57B008DD2D5 /* UIViewController+CYLTabBarControllerExtention.h */ = {isa = PBXFileReference; fileEncoding = 4; lastKnownFileType = sourcecode.c.h; path = "UIViewController+CYLTabBarControllerExtention.h"; sourceTree = "<group>"; };
		BAB40B0D1D73D57B008DD2D5 /* UIViewController+CYLTabBarControllerExtention.m */ = {isa = PBXFileReference; fileEncoding = 4; lastKnownFileType = sourcecode.c.objc; path = "UIViewController+CYLTabBarControllerExtention.m"; sourceTree = "<group>"; };
		BAB40B121D73D694008DD2D5 /* CYLTabBarControllerConfig.h */ = {isa = PBXFileReference; fileEncoding = 4; lastKnownFileType = sourcecode.c.h; name = CYLTabBarControllerConfig.h; path = CYLTabBarController/CYLTabBarControllerConfig.h; sourceTree = "<group>"; };
		BAB40B131D73D694008DD2D5 /* CYLTabBarControllerConfig.m */ = {isa = PBXFileReference; fileEncoding = 4; lastKnownFileType = sourcecode.c.objc; name = CYLTabBarControllerConfig.m; path = CYLTabBarController/CYLTabBarControllerConfig.m; sourceTree = "<group>"; };
		BAB40B1F1D73D97F008DD2D5 /* BLHomeViewController.h */ = {isa = PBXFileReference; fileEncoding = 4; lastKnownFileType = sourcecode.c.h; path = BLHomeViewController.h; sourceTree = "<group>"; };
		BAB40B201D73D97F008DD2D5 /* BLHomeViewController.m */ = {isa = PBXFileReference; fileEncoding = 4; lastKnownFileType = sourcecode.c.objc; path = BLHomeViewController.m; sourceTree = "<group>"; };
		BAB40B211D73D97F008DD2D5 /* BLHomeViewController.xib */ = {isa = PBXFileReference; fileEncoding = 4; lastKnownFileType = file.xib; path = BLHomeViewController.xib; sourceTree = "<group>"; };
		BAB40B2F1D73D9CF008DD2D5 /* BLFindViewController.h */ = {isa = PBXFileReference; fileEncoding = 4; lastKnownFileType = sourcecode.c.h; path = BLFindViewController.h; sourceTree = "<group>"; };
		BAB40B301D73D9CF008DD2D5 /* BLFindViewController.m */ = {isa = PBXFileReference; fileEncoding = 4; lastKnownFileType = sourcecode.c.objc; path = BLFindViewController.m; sourceTree = "<group>"; };
		BAB40B311D73D9CF008DD2D5 /* BLFindViewController.xib */ = {isa = PBXFileReference; fileEncoding = 4; lastKnownFileType = file.xib; path = BLFindViewController.xib; sourceTree = "<group>"; };
		BAB40B341D73D9E0008DD2D5 /* BLMessageViewController.h */ = {isa = PBXFileReference; fileEncoding = 4; lastKnownFileType = sourcecode.c.h; path = BLMessageViewController.h; sourceTree = "<group>"; };
		BAB40B351D73D9E0008DD2D5 /* BLMessageViewController.m */ = {isa = PBXFileReference; fileEncoding = 4; lastKnownFileType = sourcecode.c.objc; path = BLMessageViewController.m; sourceTree = "<group>"; };
		BAB40B361D73D9E0008DD2D5 /* BLMessageViewController.xib */ = {isa = PBXFileReference; fileEncoding = 4; lastKnownFileType = file.xib; path = BLMessageViewController.xib; sourceTree = "<group>"; };
		BAB40B391D73DA01008DD2D5 /* BLMyViewController.h */ = {isa = PBXFileReference; fileEncoding = 4; lastKnownFileType = sourcecode.c.h; path = BLMyViewController.h; sourceTree = "<group>"; };
		BAB40B3A1D73DA01008DD2D5 /* BLMyViewController.m */ = {isa = PBXFileReference; fileEncoding = 4; lastKnownFileType = sourcecode.c.objc; path = BLMyViewController.m; sourceTree = "<group>"; };
		BAB40B3B1D73DA01008DD2D5 /* BLMyViewController.xib */ = {isa = PBXFileReference; fileEncoding = 4; lastKnownFileType = file.xib; path = BLMyViewController.xib; sourceTree = "<group>"; };
		BAB40C621D73DE0C008DD2D5 /* PrefixHeader.pch */ = {isa = PBXFileReference; fileEncoding = 4; lastKnownFileType = sourcecode.c.h; path = PrefixHeader.pch; sourceTree = "<group>"; };
		BAB40C641D73E0CD008DD2D5 /* BLPlusButton.h */ = {isa = PBXFileReference; fileEncoding = 4; lastKnownFileType = sourcecode.c.h; path = BLPlusButton.h; sourceTree = "<group>"; };
		BAB40C651D73E0CD008DD2D5 /* BLPlusButton.m */ = {isa = PBXFileReference; fileEncoding = 4; lastKnownFileType = sourcecode.c.objc; path = BLPlusButton.m; sourceTree = "<group>"; };
		BAB40C6D1D73E7B1008DD2D5 /* PTextField.h */ = {isa = PBXFileReference; fileEncoding = 4; lastKnownFileType = sourcecode.c.h; path = PTextField.h; sourceTree = "<group>"; };
		BAB40C6E1D73E7B1008DD2D5 /* PTextField.m */ = {isa = PBXFileReference; fileEncoding = 4; lastKnownFileType = sourcecode.c.objc; path = PTextField.m; sourceTree = "<group>"; };
		BAB40C701D73E8C6008DD2D5 /* UIBarButtonItem+MJ.h */ = {isa = PBXFileReference; fileEncoding = 4; lastKnownFileType = sourcecode.c.h; path = "UIBarButtonItem+MJ.h"; sourceTree = "<group>"; };
		BAB40C711D73E8C6008DD2D5 /* UIBarButtonItem+MJ.m */ = {isa = PBXFileReference; fileEncoding = 4; lastKnownFileType = sourcecode.c.objc; path = "UIBarButtonItem+MJ.m"; sourceTree = "<group>"; };
		BAB40C731D73FAAA008DD2D5 /* BLUserManager.h */ = {isa = PBXFileReference; fileEncoding = 4; lastKnownFileType = sourcecode.c.h; path = BLUserManager.h; sourceTree = "<group>"; };
		BAB40C741D73FAAA008DD2D5 /* BLUserManager.m */ = {isa = PBXFileReference; fileEncoding = 4; lastKnownFileType = sourcecode.c.objc; path = BLUserManager.m; sourceTree = "<group>"; };
		BAB40C761D73FB22008DD2D5 /* Singleton.h */ = {isa = PBXFileReference; lastKnownFileType = sourcecode.c.h; path = Singleton.h; sourceTree = "<group>"; };
		BAB40C771D73FBFD008DD2D5 /* HHHttpTool.h */ = {isa = PBXFileReference; fileEncoding = 4; lastKnownFileType = sourcecode.c.h; path = HHHttpTool.h; sourceTree = "<group>"; };
		BAB40C781D73FBFD008DD2D5 /* HHHttpTool.m */ = {isa = PBXFileReference; fileEncoding = 4; lastKnownFileType = sourcecode.c.objc; path = HHHttpTool.m; sourceTree = "<group>"; };
		BAB40C7A1D740892008DD2D5 /* BLPlusViewController.h */ = {isa = PBXFileReference; fileEncoding = 4; lastKnownFileType = sourcecode.c.h; path = BLPlusViewController.h; sourceTree = "<group>"; };
		BAB40C7B1D740892008DD2D5 /* BLPlusViewController.m */ = {isa = PBXFileReference; fileEncoding = 4; lastKnownFileType = sourcecode.c.objc; path = BLPlusViewController.m; sourceTree = "<group>"; };
		BAB40C7C1D740892008DD2D5 /* BLPlusViewController.xib */ = {isa = PBXFileReference; fileEncoding = 4; lastKnownFileType = file.xib; path = BLPlusViewController.xib; sourceTree = "<group>"; };
		BAB40C811D7414D2008DD2D5 /* BLFunctionButton.h */ = {isa = PBXFileReference; fileEncoding = 4; lastKnownFileType = sourcecode.c.h; path = BLFunctionButton.h; sourceTree = "<group>"; };
		BAB40C821D7414D2008DD2D5 /* BLFunctionButton.m */ = {isa = PBXFileReference; fileEncoding = 4; lastKnownFileType = sourcecode.c.objc; path = BLFunctionButton.m; sourceTree = "<group>"; };
		BAB40C841D741B14008DD2D5 /* BLHotNeedButton.h */ = {isa = PBXFileReference; fileEncoding = 4; lastKnownFileType = sourcecode.c.h; path = BLHotNeedButton.h; sourceTree = "<group>"; };
		BAB40C851D741B14008DD2D5 /* BLHotNeedButton.m */ = {isa = PBXFileReference; fileEncoding = 4; lastKnownFileType = sourcecode.c.objc; path = BLHotNeedButton.m; sourceTree = "<group>"; };
		BAEA1B951D7666C600775236 /* BLNavigationViewController.h */ = {isa = PBXFileReference; fileEncoding = 4; lastKnownFileType = sourcecode.c.h; path = BLNavigationViewController.h; sourceTree = "<group>"; };
		BAEA1B961D7666C600775236 /* BLNavigationViewController.m */ = {isa = PBXFileReference; fileEncoding = 4; lastKnownFileType = sourcecode.c.objc; path = BLNavigationViewController.m; sourceTree = "<group>"; };
		BAEA1B991D76670200775236 /* LCPanGestureRecognizer.h */ = {isa = PBXFileReference; fileEncoding = 4; lastKnownFileType = sourcecode.c.h; path = LCPanGestureRecognizer.h; sourceTree = "<group>"; };
		BAEA1B9A1D76670200775236 /* LCPanGestureRecognizer.m */ = {isa = PBXFileReference; fileEncoding = 4; lastKnownFileType = sourcecode.c.objc; path = LCPanGestureRecognizer.m; sourceTree = "<group>"; };
		BAEA1B9B1D76670200775236 /* LCPanNavigationController.h */ = {isa = PBXFileReference; fileEncoding = 4; lastKnownFileType = sourcecode.c.h; path = LCPanNavigationController.h; sourceTree = "<group>"; };
		BAEA1B9C1D76670200775236 /* LCPanNavigationController.m */ = {isa = PBXFileReference; fileEncoding = 4; lastKnownFileType = sourcecode.c.objc; path = LCPanNavigationController.m; sourceTree = "<group>"; };
		BAEA1B9D1D76670200775236 /* UIView+Snapshot.h */ = {isa = PBXFileReference; fileEncoding = 4; lastKnownFileType = sourcecode.c.h; path = "UIView+Snapshot.h"; sourceTree = "<group>"; };
		BAEA1B9E1D76670200775236 /* UIView+Snapshot.m */ = {isa = PBXFileReference; fileEncoding = 4; lastKnownFileType = sourcecode.c.objc; path = "UIView+Snapshot.m"; sourceTree = "<group>"; };
		BAEA1BA41D7681B800775236 /* BLMyOrderViewController.h */ = {isa = PBXFileReference; fileEncoding = 4; lastKnownFileType = sourcecode.c.h; path = BLMyOrderViewController.h; sourceTree = "<group>"; };
		BAEA1BA51D7681B800775236 /* BLMyOrderViewController.m */ = {isa = PBXFileReference; fileEncoding = 4; lastKnownFileType = sourcecode.c.objc; path = BLMyOrderViewController.m; sourceTree = "<group>"; };
		BAEA1BA91D76828100775236 /* BLConst.h */ = {isa = PBXFileReference; fileEncoding = 4; lastKnownFileType = sourcecode.c.h; path = BLConst.h; sourceTree = "<group>"; };
		BAEA1BAA1D76828100775236 /* BLConst.m */ = {isa = PBXFileReference; fileEncoding = 4; lastKnownFileType = sourcecode.c.objc; path = BLConst.m; sourceTree = "<group>"; };
		BAEA1BAE1D76834800775236 /* BLMyOrderChildViewController.h */ = {isa = PBXFileReference; fileEncoding = 4; lastKnownFileType = sourcecode.c.h; path = BLMyOrderChildViewController.h; sourceTree = "<group>"; };
		BAEA1BAF1D76834800775236 /* BLMyOrderChildViewController.m */ = {isa = PBXFileReference; fileEncoding = 4; lastKnownFileType = sourcecode.c.objc; path = BLMyOrderChildViewController.m; sourceTree = "<group>"; };
		BAEA1BB31D76852E00775236 /* BLMyOrderChildTableViewCell.h */ = {isa = PBXFileReference; fileEncoding = 4; lastKnownFileType = sourcecode.c.h; path = BLMyOrderChildTableViewCell.h; sourceTree = "<group>"; };
		BAEA1BB41D76852E00775236 /* BLMyOrderChildTableViewCell.m */ = {isa = PBXFileReference; fileEncoding = 4; lastKnownFileType = sourcecode.c.objc; path = BLMyOrderChildTableViewCell.m; sourceTree = "<group>"; };
		BAEA1BB51D76852E00775236 /* BLMyOrderChildTableViewCell.xib */ = {isa = PBXFileReference; fileEncoding = 4; lastKnownFileType = file.xib; path = BLMyOrderChildTableViewCell.xib; sourceTree = "<group>"; };
		E595BF160C725C7478D6F2D5 /* Pods-BiLing.release.xcconfig */ = {isa = PBXFileReference; includeInIndex = 1; lastKnownFileType = text.xcconfig; name = "Pods-BiLing.release.xcconfig"; path = "Pods/Target Support Files/Pods-BiLing/Pods-BiLing.release.xcconfig"; sourceTree = "<group>"; };
/* End PBXFileReference section */

/* Begin PBXFrameworksBuildPhase section */
		BAB40AC91D73CED3008DD2D5 /* Frameworks */ = {
			isa = PBXFrameworksBuildPhase;
			buildActionMask = 2147483647;
			files = (
				F67424266205AA2ABD5282A9 /* libPods-BiLing.a in Frameworks */,
			);
			runOnlyForDeploymentPostprocessing = 0;
		};
		BAB40AE21D73CED5008DD2D5 /* Frameworks */ = {
			isa = PBXFrameworksBuildPhase;
			buildActionMask = 2147483647;
			files = (
			);
			runOnlyForDeploymentPostprocessing = 0;
		};
		BAB40AED1D73CED5008DD2D5 /* Frameworks */ = {
			isa = PBXFrameworksBuildPhase;
			buildActionMask = 2147483647;
			files = (
			);
			runOnlyForDeploymentPostprocessing = 0;
		};
/* End PBXFrameworksBuildPhase section */

/* Begin PBXGroup section */
		B2D8425805D1BD883E7FFD81 /* Pods */ = {
			isa = PBXGroup;
			children = (
				284616D67AF9877C222A246A /* Pods-BiLing.debug.xcconfig */,
				E595BF160C725C7478D6F2D5 /* Pods-BiLing.release.xcconfig */,
			);
			name = Pods;
			sourceTree = "<group>";
		};
		BA6DD3671D7574EE00420B13 /* Login */ = {
			isa = PBXGroup;
			children = (
				BA6DD3681D7574EE00420B13 /* Controller */,
				BA6DD36C1D7574EE00420B13 /* Model */,
				BA6DD36D1D7574EE00420B13 /* View */,
			);
			path = Login;
			sourceTree = "<group>";
		};
		BA6DD3681D7574EE00420B13 /* Controller */ = {
			isa = PBXGroup;
			children = (
				BA6DD3691D7574EE00420B13 /* BLLoginViewController.h */,
				BA6DD36A1D7574EE00420B13 /* BLLoginViewController.m */,
				BA6DD36B1D7574EE00420B13 /* BLLoginViewController.xib */,
			);
			path = Controller;
			sourceTree = "<group>";
		};
		BA6DD36C1D7574EE00420B13 /* Model */ = {
			isa = PBXGroup;
			children = (
			);
			path = Model;
			sourceTree = "<group>";
		};
		BA6DD36D1D7574EE00420B13 /* View */ = {
			isa = PBXGroup;
			children = (
				BA6DD3701D75753900420B13 /* BLLoginBtn.h */,
				BA6DD3711D75753900420B13 /* BLLoginBtn.m */,
			);
			path = View;
			sourceTree = "<group>";
		};
		BA8A53E71D75693B00F770BE /* Controller */ = {
			isa = PBXGroup;
			children = (
				BA8A53E81D75695B00F770BE /* BLBaseViewController.h */,
				BA8A53E91D75695B00F770BE /* BLBaseViewController.m */,
				BAEA1B951D7666C600775236 /* BLNavigationViewController.h */,
				BAEA1B961D7666C600775236 /* BLNavigationViewController.m */,
			);
			path = Controller;
			sourceTree = "<group>";
		};
		BAB40AC31D73CED3008DD2D5 = {
			isa = PBXGroup;
			children = (
				BAB40ACE1D73CED4008DD2D5 /* BiLing */,
				BAB40AE81D73CED5008DD2D5 /* BiLingTests */,
				BAB40AF31D73CED5008DD2D5 /* BiLingUITests */,
				BAB40ACD1D73CED3008DD2D5 /* Products */,
				B2D8425805D1BD883E7FFD81 /* Pods */,
				DF85BF0EEA720FA6E4ABF29F /* Frameworks */,
			);
			sourceTree = "<group>";
		};
		BAB40ACD1D73CED3008DD2D5 /* Products */ = {
			isa = PBXGroup;
			children = (
				BAB40ACC1D73CED3008DD2D5 /* BiLing.app */,
				BAB40AE51D73CED5008DD2D5 /* BiLingTests.xctest */,
				BAB40AF01D73CED5008DD2D5 /* BiLingUITests.xctest */,
			);
			name = Products;
			sourceTree = "<group>";
		};
		BAB40ACE1D73CED4008DD2D5 /* BiLing */ = {
			isa = PBXGroup;
			children = (
				BAB40AD21D73CED4008DD2D5 /* AppDelegate.h */,
				BAB40AD31D73CED4008DD2D5 /* AppDelegate.m */,
				BAB40C631D73E0B1008DD2D5 /* Main */,
				BAB40ADB1D73CED5008DD2D5 /* Assets.xcassets */,
				BAB40AE01D73CED5008DD2D5 /* Info.plist */,
				BA6DD3671D7574EE00420B13 /* Login */,
				BAB40B161D73D910008DD2D5 /* Home */,
				BAB40B151D73D910008DD2D5 /* Find */,
				BAB40B171D73D910008DD2D5 /* Message */,
				BAB40B181D73D910008DD2D5 /* My */,
				BAB40C691D73E6EE008DD2D5 /* Other */,
				BAB40ACF1D73CED4008DD2D5 /* Supporting Files */,
			);
			path = BiLing;
			sourceTree = "<group>";
		};
		BAB40ACF1D73CED4008DD2D5 /* Supporting Files */ = {
			isa = PBXGroup;
			children = (
				BAB40AD01D73CED4008DD2D5 /* main.m */,
				BAB40C621D73DE0C008DD2D5 /* PrefixHeader.pch */,
			);
			name = "Supporting Files";
			sourceTree = "<group>";
		};
		BAB40AE81D73CED5008DD2D5 /* BiLingTests */ = {
			isa = PBXGroup;
			children = (
				BAB40AE91D73CED5008DD2D5 /* BiLingTests.m */,
				BAB40AEB1D73CED5008DD2D5 /* Info.plist */,
			);
			path = BiLingTests;
			sourceTree = "<group>";
		};
		BAB40AF31D73CED5008DD2D5 /* BiLingUITests */ = {
			isa = PBXGroup;
			children = (
				BAB40AF41D73CED5008DD2D5 /* BiLingUITests.m */,
				BAB40AF61D73CED5008DD2D5 /* Info.plist */,
			);
			path = BiLingUITests;
			sourceTree = "<group>";
		};
		BAB40B031D73D56E008DD2D5 /* lib */ = {
			isa = PBXGroup;
			children = (
				BA8A53CC1D7438B200F770BE /* BBCyclingLabel.h */,
				BA8A53CD1D7438B200F770BE /* BBCyclingLabel.m */,
				BAB40B121D73D694008DD2D5 /* CYLTabBarControllerConfig.h */,
				BAB40B131D73D694008DD2D5 /* CYLTabBarControllerConfig.m */,
				BAEA1B981D76670200775236 /* PanNavigationController */,
				BAB40B041D73D57B008DD2D5 /* CYLTabBarController */,
			);
			name = lib;
			path = ../lib;
			sourceTree = "<group>";
		};
		BAB40B041D73D57B008DD2D5 /* CYLTabBarController */ = {
			isa = PBXGroup;
			children = (
				BAB40B051D73D57B008DD2D5 /* CYLConstants.h */,
				BAB40B061D73D57B008DD2D5 /* CYLPlusButton.h */,
				BAB40B071D73D57B008DD2D5 /* CYLPlusButton.m */,
				BAB40B081D73D57B008DD2D5 /* CYLTabBar.h */,
				BAB40B091D73D57B008DD2D5 /* CYLTabBar.m */,
				BAB40B0A1D73D57B008DD2D5 /* CYLTabBarController.h */,
				BAB40B0B1D73D57B008DD2D5 /* CYLTabBarController.m */,
				BAB40B0C1D73D57B008DD2D5 /* UIViewController+CYLTabBarControllerExtention.h */,
				BAB40B0D1D73D57B008DD2D5 /* UIViewController+CYLTabBarControllerExtention.m */,
			);
			path = CYLTabBarController;
			sourceTree = "<group>";
		};
		BAB40B151D73D910008DD2D5 /* Find */ = {
			isa = PBXGroup;
			children = (
				BAB40B2C1D73D9AB008DD2D5 /* Controller */,
				BAB40B2D1D73D9AB008DD2D5 /* Model */,
				BAB40B2E1D73D9AB008DD2D5 /* View */,
			);
			path = Find;
			sourceTree = "<group>";
		};
		BAB40B161D73D910008DD2D5 /* Home */ = {
			isa = PBXGroup;
			children = (
				BAB40B1E1D73D97F008DD2D5 /* Controller */,
				BAB40B221D73D97F008DD2D5 /* Model */,
				BAB40B231D73D97F008DD2D5 /* View */,
			);
			path = Home;
			sourceTree = "<group>";
		};
		BAB40B171D73D910008DD2D5 /* Message */ = {
			isa = PBXGroup;
			children = (
				BAB40B291D73D99E008DD2D5 /* Controller */,
				BAB40B2A1D73D99E008DD2D5 /* Model */,
				BAB40B2B1D73D99E008DD2D5 /* View */,
			);
			path = Message;
			sourceTree = "<group>";
		};
		BAB40B181D73D910008DD2D5 /* My */ = {
			isa = PBXGroup;
			children = (
				BAB40B261D73D992008DD2D5 /* Controller */,
				BAB40B271D73D992008DD2D5 /* Model */,
				BAB40B281D73D992008DD2D5 /* View */,
			);
			path = My;
			sourceTree = "<group>";
		};
		BAB40B1E1D73D97F008DD2D5 /* Controller */ = {
			isa = PBXGroup;
			children = (
				BAB40B1F1D73D97F008DD2D5 /* BLHomeViewController.h */,
				BAB40B201D73D97F008DD2D5 /* BLHomeViewController.m */,
				BAB40B211D73D97F008DD2D5 /* BLHomeViewController.xib */,
			);
			path = Controller;
			sourceTree = "<group>";
		};
		BAB40B221D73D97F008DD2D5 /* Model */ = {
			isa = PBXGroup;
			children = (
			);
			path = Model;
			sourceTree = "<group>";
		};
		BAB40B231D73D97F008DD2D5 /* View */ = {
			isa = PBXGroup;
			children = (
				BAB40C811D7414D2008DD2D5 /* BLFunctionButton.h */,
				BAB40C821D7414D2008DD2D5 /* BLFunctionButton.m */,
				BAB40C841D741B14008DD2D5 /* BLHotNeedButton.h */,
				BAB40C851D741B14008DD2D5 /* BLHotNeedButton.m */,
				BA8A53C91D74318200F770BE /* BLScrollNotifiView.h */,
				BA8A53CA1D74318200F770BE /* BLScrollNotifiView.m */,
			);
			path = View;
			sourceTree = "<group>";
		};
		BAB40B261D73D992008DD2D5 /* Controller */ = {
			isa = PBXGroup;
			children = (
				BAB40B391D73DA01008DD2D5 /* BLMyViewController.h */,
				BAB40B3A1D73DA01008DD2D5 /* BLMyViewController.m */,
				BAB40B3B1D73DA01008DD2D5 /* BLMyViewController.xib */,
				BA8A53DD1D7560BD00F770BE /* BLMyInfoViewController.h */,
				BA8A53DE1D7560BD00F770BE /* BLMyInfoViewController.m */,
				BA8A53DF1D7560BD00F770BE /* BLMyInfoViewController.xib */,
				BA6DD3731D75784B00420B13 /* BLBalanceViewController.h */,
				BA6DD3741D75784B00420B13 /* BLBalanceViewController.m */,
				BA6DD3751D75784B00420B13 /* BLBalanceViewController.xib */,
				BAEA1BA41D7681B800775236 /* BLMyOrderViewController.h */,
				BAEA1BA51D7681B800775236 /* BLMyOrderViewController.m */,
				BAEA1BAE1D76834800775236 /* BLMyOrderChildViewController.h */,
				BAEA1BAF1D76834800775236 /* BLMyOrderChildViewController.m */,
			);
			path = Controller;
			sourceTree = "<group>";
		};
		BAB40B271D73D992008DD2D5 /* Model */ = {
			isa = PBXGroup;
			children = (
				BA6DD3821D757C2D00420B13 /* BLBanlanceCellModel.h */,
				BA6DD3831D757C2D00420B13 /* BLBanlanceCellModel.m */,
			);
			path = Model;
			sourceTree = "<group>";
		};
		BAB40B281D73D992008DD2D5 /* View */ = {
			isa = PBXGroup;
			children = (
				BA8A53D51D75135100F770BE /* BLTableHearderView.h */,
				BA8A53D61D75135100F770BE /* BLTableHearderView.m */,
				BA8A53D81D75136300F770BE /* BLTableHearderView.xib */,
				BA8A53DA1D751C5C00F770BE /* BLOrderButton.h */,
				BA8A53DB1D751C5C00F770BE /* BLOrderButton.m */,
				BA8A53E21D75612900F770BE /* BLMyInfoTableViewCell.h */,
				BA8A53E31D75612900F770BE /* BLMyInfoTableViewCell.m */,
				BA8A53E41D75612900F770BE /* BLMyInfoTableViewCell.xib */,
				BA8A53EB1D7569C800F770BE /* BLMyInfoTabelHeardView.h */,
				BA8A53EC1D7569C800F770BE /* BLMyInfoTabelHeardView.m */,
				BA8A53EE1D7569E400F770BE /* BLMyInfoTabelHeardView.xib */,
				BA8A53F01D756C4A00F770BE /* BLInfoButton.h */,
				BA8A53F11D756C4A00F770BE /* BLInfoButton.m */,
				BA6DD3781D7579B300420B13 /* BLBalanceTabelHearderView.h */,
				BA6DD3791D7579B300420B13 /* BLBalanceTabelHearderView.m */,
				BA6DD37B1D7579CC00420B13 /* BLBalanceTabelHearderView.xib */,
				BA6DD37D1D757AF500420B13 /* BLBalanceTableViewCell.h */,
				BA6DD37E1D757AF500420B13 /* BLBalanceTableViewCell.m */,
				BA6DD37F1D757AF500420B13 /* BLBalanceTableViewCell.xib */,
				BAEA1BB31D76852E00775236 /* BLMyOrderChildTableViewCell.h */,
				BAEA1BB41D76852E00775236 /* BLMyOrderChildTableViewCell.m */,
				BAEA1BB51D76852E00775236 /* BLMyOrderChildTableViewCell.xib */,
			);
			path = View;
			sourceTree = "<group>";
		};
		BAB40B291D73D99E008DD2D5 /* Controller */ = {
			isa = PBXGroup;
			children = (
				BAB40B341D73D9E0008DD2D5 /* BLMessageViewController.h */,
				BAB40B351D73D9E0008DD2D5 /* BLMessageViewController.m */,
				BAB40B361D73D9E0008DD2D5 /* BLMessageViewController.xib */,
			);
			path = Controller;
			sourceTree = "<group>";
		};
		BAB40B2A1D73D99E008DD2D5 /* Model */ = {
			isa = PBXGroup;
			children = (
			);
			path = Model;
			sourceTree = "<group>";
		};
		BAB40B2B1D73D99E008DD2D5 /* View */ = {
			isa = PBXGroup;
			children = (
			);
			path = View;
			sourceTree = "<group>";
		};
		BAB40B2C1D73D9AB008DD2D5 /* Controller */ = {
			isa = PBXGroup;
			children = (
				BAB40B2F1D73D9CF008DD2D5 /* BLFindViewController.h */,
				BAB40B301D73D9CF008DD2D5 /* BLFindViewController.m */,
				BAB40B311D73D9CF008DD2D5 /* BLFindViewController.xib */,
			);
			path = Controller;
			sourceTree = "<group>";
		};
		BAB40B2D1D73D9AB008DD2D5 /* Model */ = {
			isa = PBXGroup;
			children = (
			);
			path = Model;
			sourceTree = "<group>";
		};
		BAB40B2E1D73D9AB008DD2D5 /* View */ = {
			isa = PBXGroup;
			children = (
				3E0E69341D758B8D00D911F4 /* BLGeneralCell.h */,
				3E0E69351D758B8D00D911F4 /* BLGeneralCell.m */,
				3E0E69361D758B8D00D911F4 /* BLGeneralCell.xib */,
				3E0E69391D758C0200D911F4 /* BLHurryCell.h */,
				3E0E693A1D758C0200D911F4 /* BLHurryCell.m */,
				3E0E693B1D758C0200D911F4 /* BLHurryCell.xib */,
			);
			path = View;
			sourceTree = "<group>";
		};
		BAB40C631D73E0B1008DD2D5 /* Main */ = {
			isa = PBXGroup;
			children = (
				BA8A53E71D75693B00F770BE /* Controller */,
				BAB40C641D73E0CD008DD2D5 /* BLPlusButton.h */,
				BAB40C651D73E0CD008DD2D5 /* BLPlusButton.m */,
				BAB40C731D73FAAA008DD2D5 /* BLUserManager.h */,
				BAB40C741D73FAAA008DD2D5 /* BLUserManager.m */,
				BAB40C7A1D740892008DD2D5 /* BLPlusViewController.h */,
				BAB40C7B1D740892008DD2D5 /* BLPlusViewController.m */,
				BAB40C7C1D740892008DD2D5 /* BLPlusViewController.xib */,
				BAEA1BA91D76828100775236 /* BLConst.h */,
				BAEA1BAA1D76828100775236 /* BLConst.m */,
			);
			path = Main;
			sourceTree = "<group>";
		};
		BAB40C691D73E6EE008DD2D5 /* Other */ = {
			isa = PBXGroup;
			children = (
				BAB40B031D73D56E008DD2D5 /* lib */,
				BAB40C6A1D73E711008DD2D5 /* Categery */,
			);
			path = Other;
			sourceTree = "<group>";
		};
		BAB40C6A1D73E711008DD2D5 /* Categery */ = {
			isa = PBXGroup;
			children = (
				BA8A53D21D743F2900F770BE /* UIImage+XMGExtension.h */,
				BA8A53D31D743F2900F770BE /* UIImage+XMGExtension.m */,
				BA8A53CF1D743D4700F770BE /* UISearchBar+HH.h */,
				BA8A53D01D743D4700F770BE /* UISearchBar+HH.m */,
				BA8A53C61D742AFD00F770BE /* UIView+HBExtension.h */,
				BA8A53C71D742AFD00F770BE /* UIView+HBExtension.m */,
				BAB40C771D73FBFD008DD2D5 /* HHHttpTool.h */,
				BAB40C781D73FBFD008DD2D5 /* HHHttpTool.m */,
				BAB40C761D73FB22008DD2D5 /* Singleton.h */,
				BAB40C6D1D73E7B1008DD2D5 /* PTextField.h */,
				BAB40C6E1D73E7B1008DD2D5 /* PTextField.m */,
				BAB40C701D73E8C6008DD2D5 /* UIBarButtonItem+MJ.h */,
				BAB40C711D73E8C6008DD2D5 /* UIBarButtonItem+MJ.m */,
			);
			path = Categery;
			sourceTree = "<group>";
		};
		BAEA1B981D76670200775236 /* PanNavigationController */ = {
			isa = PBXGroup;
			children = (
				BAEA1B991D76670200775236 /* LCPanGestureRecognizer.h */,
				BAEA1B9A1D76670200775236 /* LCPanGestureRecognizer.m */,
				BAEA1B9B1D76670200775236 /* LCPanNavigationController.h */,
				BAEA1B9C1D76670200775236 /* LCPanNavigationController.m */,
				BAEA1B9D1D76670200775236 /* UIView+Snapshot.h */,
				BAEA1B9E1D76670200775236 /* UIView+Snapshot.m */,
			);
			path = PanNavigationController;
			sourceTree = "<group>";
		};
		DF85BF0EEA720FA6E4ABF29F /* Frameworks */ = {
			isa = PBXGroup;
			children = (
				7295F79C25E1F5FBFCF3E569 /* libPods-BiLing.a */,
			);
			name = Frameworks;
			sourceTree = "<group>";
		};
/* End PBXGroup section */

/* Begin PBXNativeTarget section */
		BAB40ACB1D73CED3008DD2D5 /* BiLing */ = {
			isa = PBXNativeTarget;
			buildConfigurationList = BAB40AF91D73CED5008DD2D5 /* Build configuration list for PBXNativeTarget "BiLing" */;
			buildPhases = (
				0138B3FD2409F2D74C319118 /* 📦 Check Pods Manifest.lock */,
				BAB40AC81D73CED3008DD2D5 /* Sources */,
				BAB40AC91D73CED3008DD2D5 /* Frameworks */,
				BAB40ACA1D73CED3008DD2D5 /* Resources */,
				5EF92ABF031505A828028BF5 /* 📦 Embed Pods Frameworks */,
				8B5692FA9A1B6EE35628CB55 /* 📦 Copy Pods Resources */,
				9DE40228F4603E3D05356DA0 /* Embed Pods Frameworks */,
			);
			buildRules = (
			);
			dependencies = (
			);
			name = BiLing;
			productName = BiLing;
			productReference = BAB40ACC1D73CED3008DD2D5 /* BiLing.app */;
			productType = "com.apple.product-type.application";
		};
		BAB40AE41D73CED5008DD2D5 /* BiLingTests */ = {
			isa = PBXNativeTarget;
			buildConfigurationList = BAB40AFC1D73CED5008DD2D5 /* Build configuration list for PBXNativeTarget "BiLingTests" */;
			buildPhases = (
				BAB40AE11D73CED5008DD2D5 /* Sources */,
				BAB40AE21D73CED5008DD2D5 /* Frameworks */,
				BAB40AE31D73CED5008DD2D5 /* Resources */,
			);
			buildRules = (
			);
			dependencies = (
				BAB40AE71D73CED5008DD2D5 /* PBXTargetDependency */,
			);
			name = BiLingTests;
			productName = BiLingTests;
			productReference = BAB40AE51D73CED5008DD2D5 /* BiLingTests.xctest */;
			productType = "com.apple.product-type.bundle.unit-test";
		};
		BAB40AEF1D73CED5008DD2D5 /* BiLingUITests */ = {
			isa = PBXNativeTarget;
			buildConfigurationList = BAB40AFF1D73CED5008DD2D5 /* Build configuration list for PBXNativeTarget "BiLingUITests" */;
			buildPhases = (
				BAB40AEC1D73CED5008DD2D5 /* Sources */,
				BAB40AED1D73CED5008DD2D5 /* Frameworks */,
				BAB40AEE1D73CED5008DD2D5 /* Resources */,
			);
			buildRules = (
			);
			dependencies = (
				BAB40AF21D73CED5008DD2D5 /* PBXTargetDependency */,
			);
			name = BiLingUITests;
			productName = BiLingUITests;
			productReference = BAB40AF01D73CED5008DD2D5 /* BiLingUITests.xctest */;
			productType = "com.apple.product-type.bundle.ui-testing";
		};
/* End PBXNativeTarget section */

/* Begin PBXProject section */
		BAB40AC41D73CED3008DD2D5 /* Project object */ = {
			isa = PBXProject;
			attributes = {
				LastUpgradeCheck = 0730;
				ORGANIZATIONNAME = MrZ;
				TargetAttributes = {
					BAB40ACB1D73CED3008DD2D5 = {
						CreatedOnToolsVersion = 7.3.1;
						DevelopmentTeam = 7A5EEVM9R5;
					};
					BAB40AE41D73CED5008DD2D5 = {
						CreatedOnToolsVersion = 7.3.1;
						TestTargetID = BAB40ACB1D73CED3008DD2D5;
					};
					BAB40AEF1D73CED5008DD2D5 = {
						CreatedOnToolsVersion = 7.3.1;
						TestTargetID = BAB40ACB1D73CED3008DD2D5;
					};
				};
			};
			buildConfigurationList = BAB40AC71D73CED3008DD2D5 /* Build configuration list for PBXProject "BiLing" */;
			compatibilityVersion = "Xcode 3.2";
			developmentRegion = English;
			hasScannedForEncodings = 0;
			knownRegions = (
				en,
				Base,
			);
			mainGroup = BAB40AC31D73CED3008DD2D5;
			productRefGroup = BAB40ACD1D73CED3008DD2D5 /* Products */;
			projectDirPath = "";
			projectRoot = "";
			targets = (
				BAB40ACB1D73CED3008DD2D5 /* BiLing */,
				BAB40AE41D73CED5008DD2D5 /* BiLingTests */,
				BAB40AEF1D73CED5008DD2D5 /* BiLingUITests */,
			);
		};
/* End PBXProject section */

/* Begin PBXResourcesBuildPhase section */
		BAB40ACA1D73CED3008DD2D5 /* Resources */ = {
			isa = PBXResourcesBuildPhase;
			buildActionMask = 2147483647;
			files = (
				BA6DD36F1D7574EE00420B13 /* BLLoginViewController.xib in Resources */,
				BA8A53D91D75136300F770BE /* BLTableHearderView.xib in Resources */,
				BAB40C7E1D740892008DD2D5 /* BLPlusViewController.xib in Resources */,
				BA8A53E11D7560BD00F770BE /* BLMyInfoViewController.xib in Resources */,
				BAB40B251D73D97F008DD2D5 /* BLHomeViewController.xib in Resources */,
				BAB40B3D1D73DA01008DD2D5 /* BLMyViewController.xib in Resources */,
				BAB40ADC1D73CED5008DD2D5 /* Assets.xcassets in Resources */,
				BAEA1BB71D76852E00775236 /* BLMyOrderChildTableViewCell.xib in Resources */,
				3E0E693D1D758C0200D911F4 /* BLHurryCell.xib in Resources */,
				BAB40B381D73D9E0008DD2D5 /* BLMessageViewController.xib in Resources */,
				3E0E69381D758B8D00D911F4 /* BLGeneralCell.xib in Resources */,
				BA6DD3771D75784B00420B13 /* BLBalanceViewController.xib in Resources */,
				BA6DD3811D757AF500420B13 /* BLBalanceTableViewCell.xib in Resources */,
				BA8A53E61D75612900F770BE /* BLMyInfoTableViewCell.xib in Resources */,
				BAB40B381D73D9E0008DD2D5 /* BLMessageViewController.xib in Resources */,
				BA8A53EF1D7569E400F770BE /* BLMyInfoTabelHeardView.xib in Resources */,
				BAB40B331D73D9CF008DD2D5 /* BLFindViewController.xib in Resources */,
				BA6DD37C1D7579CC00420B13 /* BLBalanceTabelHearderView.xib in Resources */,
			);
			runOnlyForDeploymentPostprocessing = 0;
		};
		BAB40AE31D73CED5008DD2D5 /* Resources */ = {
			isa = PBXResourcesBuildPhase;
			buildActionMask = 2147483647;
			files = (
			);
			runOnlyForDeploymentPostprocessing = 0;
		};
		BAB40AEE1D73CED5008DD2D5 /* Resources */ = {
			isa = PBXResourcesBuildPhase;
			buildActionMask = 2147483647;
			files = (
			);
			runOnlyForDeploymentPostprocessing = 0;
		};
/* End PBXResourcesBuildPhase section */

/* Begin PBXShellScriptBuildPhase section */
		0138B3FD2409F2D74C319118 /* 📦 Check Pods Manifest.lock */ = {
			isa = PBXShellScriptBuildPhase;
			buildActionMask = 2147483647;
			files = (
			);
			inputPaths = (
			);
			name = "📦 Check Pods Manifest.lock";
			outputPaths = (
			);
			runOnlyForDeploymentPostprocessing = 0;
			shellPath = /bin/sh;
			shellScript = "diff \"${PODS_ROOT}/../Podfile.lock\" \"${PODS_ROOT}/Manifest.lock\" > /dev/null\nif [[ $? != 0 ]] ; then\n    cat << EOM\nerror: The sandbox is not in sync with the Podfile.lock. Run 'pod install' or update your CocoaPods installation.\nEOM\n    exit 1\nfi\n";
			showEnvVarsInLog = 0;
		};
		5EF92ABF031505A828028BF5 /* 📦 Embed Pods Frameworks */ = {
			isa = PBXShellScriptBuildPhase;
			buildActionMask = 2147483647;
			files = (
			);
			inputPaths = (
			);
			name = "📦 Embed Pods Frameworks";
			outputPaths = (
			);
			runOnlyForDeploymentPostprocessing = 0;
			shellPath = /bin/sh;
			shellScript = "\"${SRCROOT}/Pods/Target Support Files/Pods-BiLing/Pods-BiLing-frameworks.sh\"\n";
			showEnvVarsInLog = 0;
		};
		8B5692FA9A1B6EE35628CB55 /* 📦 Copy Pods Resources */ = {
			isa = PBXShellScriptBuildPhase;
			buildActionMask = 2147483647;
			files = (
			);
			inputPaths = (
			);
			name = "📦 Copy Pods Resources";
			outputPaths = (
			);
			runOnlyForDeploymentPostprocessing = 0;
			shellPath = /bin/sh;
			shellScript = "\"${SRCROOT}/Pods/Target Support Files/Pods-BiLing/Pods-BiLing-resources.sh\"\n";
			showEnvVarsInLog = 0;
		};
		9DE40228F4603E3D05356DA0 /* Embed Pods Frameworks */ = {
			isa = PBXShellScriptBuildPhase;
			buildActionMask = 2147483647;
			files = (
			);
			inputPaths = (
			);
			name = "Embed Pods Frameworks";
			outputPaths = (
			);
			runOnlyForDeploymentPostprocessing = 0;
			shellPath = /bin/sh;
			shellScript = "\"${SRCROOT}/Pods/Target Support Files/Pods-BiLing/Pods-BiLing-frameworks.sh\"\n";
			showEnvVarsInLog = 0;
		};
/* End PBXShellScriptBuildPhase section */

/* Begin PBXSourcesBuildPhase section */
		BAB40AC81D73CED3008DD2D5 /* Sources */ = {
			isa = PBXSourcesBuildPhase;
			buildActionMask = 2147483647;
			files = (
				3E0E693C1D758C0200D911F4 /* BLHurryCell.m in Sources */,
				BAB40B141D73D694008DD2D5 /* CYLTabBarControllerConfig.m in Sources */,
				BAEA1BA11D76670200775236 /* UIView+Snapshot.m in Sources */,
				BAB40C751D73FAAA008DD2D5 /* BLUserManager.m in Sources */,
				BA8A53ED1D7569C800F770BE /* BLMyInfoTabelHeardView.m in Sources */,
				BA6DD36E1D7574EE00420B13 /* BLLoginViewController.m in Sources */,
				BA6DD3721D75753900420B13 /* BLLoginBtn.m in Sources */,
				BAB40B321D73D9CF008DD2D5 /* BLFindViewController.m in Sources */,
				BAB40AD41D73CED4008DD2D5 /* AppDelegate.m in Sources */,
				BA8A53CE1D7438B200F770BE /* BBCyclingLabel.m in Sources */,
				BAEA1BB11D76834800775236 /* BLMyOrderChildViewController.m in Sources */,
				BA8A53E51D75612900F770BE /* BLMyInfoTableViewCell.m in Sources */,
				BAB40B101D73D57B008DD2D5 /* CYLTabBarController.m in Sources */,
				BAB40C791D73FBFD008DD2D5 /* HHHttpTool.m in Sources */,
				BAEA1BA01D76670200775236 /* LCPanNavigationController.m in Sources */,
				BAEA1B971D7666C600775236 /* BLNavigationViewController.m in Sources */,
				BAEA1BA61D7681B800775236 /* BLMyOrderViewController.m in Sources */,
				BA6DD3841D757C2D00420B13 /* BLBanlanceCellModel.m in Sources */,
				BA6DD3761D75784B00420B13 /* BLBalanceViewController.m in Sources */,
				BAB40B3C1D73DA01008DD2D5 /* BLMyViewController.m in Sources */,
				BA8A53EA1D75695B00F770BE /* BLBaseViewController.m in Sources */,
				BA8A53F21D756C4A00F770BE /* BLInfoButton.m in Sources */,
				BA8A53D11D743D4700F770BE /* UISearchBar+HH.m in Sources */,
				BAB40B0E1D73D57B008DD2D5 /* CYLPlusButton.m in Sources */,
				BAB40C6F1D73E7B1008DD2D5 /* PTextField.m in Sources */,
				BAB40B0F1D73D57B008DD2D5 /* CYLTabBar.m in Sources */,
				BA8A53E01D7560BD00F770BE /* BLMyInfoViewController.m in Sources */,
				BAB40B371D73D9E0008DD2D5 /* BLMessageViewController.m in Sources */,
				BAB40C721D73E8C6008DD2D5 /* UIBarButtonItem+MJ.m in Sources */,
				BAB40B111D73D57B008DD2D5 /* UIViewController+CYLTabBarControllerExtention.m in Sources */,
				BAB40AD11D73CED4008DD2D5 /* main.m in Sources */,
				BA6DD37A1D7579B300420B13 /* BLBalanceTabelHearderView.m in Sources */,
				BA8A53CB1D74318200F770BE /* BLScrollNotifiView.m in Sources */,
				3E0E69371D758B8D00D911F4 /* BLGeneralCell.m in Sources */,
				BA6DD3801D757AF500420B13 /* BLBalanceTableViewCell.m in Sources */,
				BAEA1BAB1D76828100775236 /* BLConst.m in Sources */,
				BA8A53C81D742AFD00F770BE /* UIView+HBExtension.m in Sources */,
				BAB40B241D73D97F008DD2D5 /* BLHomeViewController.m in Sources */,
				BAB40C831D7414D2008DD2D5 /* BLFunctionButton.m in Sources */,
				BAB40C7D1D740892008DD2D5 /* BLPlusViewController.m in Sources */,
				BAEA1BB61D76852E00775236 /* BLMyOrderChildTableViewCell.m in Sources */,
				BAEA1B9F1D76670200775236 /* LCPanGestureRecognizer.m in Sources */,
				BAB40C861D741B14008DD2D5 /* BLHotNeedButton.m in Sources */,
				BA8A53DC1D751C5C00F770BE /* BLOrderButton.m in Sources */,
				BA8A53D41D743F2900F770BE /* UIImage+XMGExtension.m in Sources */,
				BA8A53D71D75135100F770BE /* BLTableHearderView.m in Sources */,
				BAB40C661D73E0CD008DD2D5 /* BLPlusButton.m in Sources */,
			);
			runOnlyForDeploymentPostprocessing = 0;
		};
		BAB40AE11D73CED5008DD2D5 /* Sources */ = {
			isa = PBXSourcesBuildPhase;
			buildActionMask = 2147483647;
			files = (
				BAB40AEA1D73CED5008DD2D5 /* BiLingTests.m in Sources */,
			);
			runOnlyForDeploymentPostprocessing = 0;
		};
		BAB40AEC1D73CED5008DD2D5 /* Sources */ = {
			isa = PBXSourcesBuildPhase;
			buildActionMask = 2147483647;
			files = (
				BAB40AF51D73CED5008DD2D5 /* BiLingUITests.m in Sources */,
			);
			runOnlyForDeploymentPostprocessing = 0;
		};
/* End PBXSourcesBuildPhase section */

/* Begin PBXTargetDependency section */
		BAB40AE71D73CED5008DD2D5 /* PBXTargetDependency */ = {
			isa = PBXTargetDependency;
			target = BAB40ACB1D73CED3008DD2D5 /* BiLing */;
			targetProxy = BAB40AE61D73CED5008DD2D5 /* PBXContainerItemProxy */;
		};
		BAB40AF21D73CED5008DD2D5 /* PBXTargetDependency */ = {
			isa = PBXTargetDependency;
			target = BAB40ACB1D73CED3008DD2D5 /* BiLing */;
			targetProxy = BAB40AF11D73CED5008DD2D5 /* PBXContainerItemProxy */;
		};
/* End PBXTargetDependency section */

/* Begin XCBuildConfiguration section */
		BAB40AF71D73CED5008DD2D5 /* Debug */ = {
			isa = XCBuildConfiguration;
			buildSettings = {
				ALWAYS_SEARCH_USER_PATHS = NO;
				CLANG_ANALYZER_NONNULL = YES;
				CLANG_CXX_LANGUAGE_STANDARD = "gnu++0x";
				CLANG_CXX_LIBRARY = "libc++";
				CLANG_ENABLE_MODULES = YES;
				CLANG_ENABLE_OBJC_ARC = YES;
				CLANG_WARN_BOOL_CONVERSION = YES;
				CLANG_WARN_CONSTANT_CONVERSION = YES;
				CLANG_WARN_DIRECT_OBJC_ISA_USAGE = YES_ERROR;
				CLANG_WARN_EMPTY_BODY = YES;
				CLANG_WARN_ENUM_CONVERSION = YES;
				CLANG_WARN_INT_CONVERSION = YES;
				CLANG_WARN_OBJC_ROOT_CLASS = YES_ERROR;
				CLANG_WARN_UNREACHABLE_CODE = YES;
				CLANG_WARN__DUPLICATE_METHOD_MATCH = YES;
				"CODE_SIGN_IDENTITY[sdk=iphoneos*]" = "iPhone Developer";
				COPY_PHASE_STRIP = NO;
				DEBUG_INFORMATION_FORMAT = dwarf;
				ENABLE_STRICT_OBJC_MSGSEND = YES;
				ENABLE_TESTABILITY = YES;
				GCC_C_LANGUAGE_STANDARD = gnu99;
				GCC_DYNAMIC_NO_PIC = NO;
				GCC_NO_COMMON_BLOCKS = YES;
				GCC_OPTIMIZATION_LEVEL = 0;
				GCC_PREPROCESSOR_DEFINITIONS = (
					"DEBUG=1",
					"$(inherited)",
				);
				GCC_WARN_64_TO_32_BIT_CONVERSION = YES;
				GCC_WARN_ABOUT_RETURN_TYPE = YES_ERROR;
				GCC_WARN_UNDECLARED_SELECTOR = YES;
				GCC_WARN_UNINITIALIZED_AUTOS = YES_AGGRESSIVE;
				GCC_WARN_UNUSED_FUNCTION = YES;
				GCC_WARN_UNUSED_VARIABLE = YES;
				IPHONEOS_DEPLOYMENT_TARGET = 9.3;
				MTL_ENABLE_DEBUG_INFO = YES;
				ONLY_ACTIVE_ARCH = YES;
				SDKROOT = iphoneos;
			};
			name = Debug;
		};
		BAB40AF81D73CED5008DD2D5 /* Release */ = {
			isa = XCBuildConfiguration;
			buildSettings = {
				ALWAYS_SEARCH_USER_PATHS = NO;
				CLANG_ANALYZER_NONNULL = YES;
				CLANG_CXX_LANGUAGE_STANDARD = "gnu++0x";
				CLANG_CXX_LIBRARY = "libc++";
				CLANG_ENABLE_MODULES = YES;
				CLANG_ENABLE_OBJC_ARC = YES;
				CLANG_WARN_BOOL_CONVERSION = YES;
				CLANG_WARN_CONSTANT_CONVERSION = YES;
				CLANG_WARN_DIRECT_OBJC_ISA_USAGE = YES_ERROR;
				CLANG_WARN_EMPTY_BODY = YES;
				CLANG_WARN_ENUM_CONVERSION = YES;
				CLANG_WARN_INT_CONVERSION = YES;
				CLANG_WARN_OBJC_ROOT_CLASS = YES_ERROR;
				CLANG_WARN_UNREACHABLE_CODE = YES;
				CLANG_WARN__DUPLICATE_METHOD_MATCH = YES;
				"CODE_SIGN_IDENTITY[sdk=iphoneos*]" = "iPhone Developer";
				COPY_PHASE_STRIP = NO;
				DEBUG_INFORMATION_FORMAT = "dwarf-with-dsym";
				ENABLE_NS_ASSERTIONS = NO;
				ENABLE_STRICT_OBJC_MSGSEND = YES;
				GCC_C_LANGUAGE_STANDARD = gnu99;
				GCC_NO_COMMON_BLOCKS = YES;
				GCC_WARN_64_TO_32_BIT_CONVERSION = YES;
				GCC_WARN_ABOUT_RETURN_TYPE = YES_ERROR;
				GCC_WARN_UNDECLARED_SELECTOR = YES;
				GCC_WARN_UNINITIALIZED_AUTOS = YES_AGGRESSIVE;
				GCC_WARN_UNUSED_FUNCTION = YES;
				GCC_WARN_UNUSED_VARIABLE = YES;
				IPHONEOS_DEPLOYMENT_TARGET = 9.3;
				MTL_ENABLE_DEBUG_INFO = NO;
				SDKROOT = iphoneos;
				VALIDATE_PRODUCT = YES;
			};
			name = Release;
		};
		BAB40AFA1D73CED5008DD2D5 /* Debug */ = {
			isa = XCBuildConfiguration;
			baseConfigurationReference = 284616D67AF9877C222A246A /* Pods-BiLing.debug.xcconfig */;
			buildSettings = {
				ASSETCATALOG_COMPILER_APPICON_NAME = AppIcon;
				ASSETCATALOG_COMPILER_LAUNCHIMAGE_NAME = LaunchImage;
				CODE_SIGN_IDENTITY = "iPhone Developer";
				"CODE_SIGN_IDENTITY[sdk=iphoneos*]" = "iPhone Developer";
				GCC_PREFIX_HEADER = "$(PROJECT_DIR)/BiLing/PrefixHeader.pch";
				INFOPLIST_FILE = BiLing/Info.plist;
				IPHONEOS_DEPLOYMENT_TARGET = 7.0;
				LD_RUNPATH_SEARCH_PATHS = "$(inherited) @executable_path/Frameworks";
				PRODUCT_BUNDLE_IDENTIFIER = com.mfile.BiLing;
				PRODUCT_NAME = "$(TARGET_NAME)";
				PROVISIONING_PROFILE = "";
				TARGETED_DEVICE_FAMILY = 1;
			};
			name = Debug;
		};
		BAB40AFB1D73CED5008DD2D5 /* Release */ = {
			isa = XCBuildConfiguration;
			baseConfigurationReference = E595BF160C725C7478D6F2D5 /* Pods-BiLing.release.xcconfig */;
			buildSettings = {
				ASSETCATALOG_COMPILER_APPICON_NAME = AppIcon;
				ASSETCATALOG_COMPILER_LAUNCHIMAGE_NAME = LaunchImage;
				CODE_SIGN_IDENTITY = "iPhone Developer";
				"CODE_SIGN_IDENTITY[sdk=iphoneos*]" = "iPhone Developer";
				GCC_PREFIX_HEADER = "$(PROJECT_DIR)/BiLing/PrefixHeader.pch";
				INFOPLIST_FILE = BiLing/Info.plist;
				IPHONEOS_DEPLOYMENT_TARGET = 7.0;
				LD_RUNPATH_SEARCH_PATHS = "$(inherited) @executable_path/Frameworks";
				PRODUCT_BUNDLE_IDENTIFIER = com.mfile.BiLing;
				PRODUCT_NAME = "$(TARGET_NAME)";
				PROVISIONING_PROFILE = "";
				TARGETED_DEVICE_FAMILY = 1;
			};
			name = Release;
		};
		BAB40AFD1D73CED5008DD2D5 /* Debug */ = {
			isa = XCBuildConfiguration;
			buildSettings = {
				BUNDLE_LOADER = "$(TEST_HOST)";
				INFOPLIST_FILE = BiLingTests/Info.plist;
				LD_RUNPATH_SEARCH_PATHS = "$(inherited) @executable_path/Frameworks @loader_path/Frameworks";
				PRODUCT_BUNDLE_IDENTIFIER = com.mfile.BiLingTests;
				PRODUCT_NAME = "$(TARGET_NAME)";
				TEST_HOST = "$(BUILT_PRODUCTS_DIR)/BiLing.app/BiLing";
			};
			name = Debug;
		};
		BAB40AFE1D73CED5008DD2D5 /* Release */ = {
			isa = XCBuildConfiguration;
			buildSettings = {
				BUNDLE_LOADER = "$(TEST_HOST)";
				INFOPLIST_FILE = BiLingTests/Info.plist;
				LD_RUNPATH_SEARCH_PATHS = "$(inherited) @executable_path/Frameworks @loader_path/Frameworks";
				PRODUCT_BUNDLE_IDENTIFIER = com.mfile.BiLingTests;
				PRODUCT_NAME = "$(TARGET_NAME)";
				TEST_HOST = "$(BUILT_PRODUCTS_DIR)/BiLing.app/BiLing";
			};
			name = Release;
		};
		BAB40B001D73CED5008DD2D5 /* Debug */ = {
			isa = XCBuildConfiguration;
			buildSettings = {
				INFOPLIST_FILE = BiLingUITests/Info.plist;
				LD_RUNPATH_SEARCH_PATHS = "$(inherited) @executable_path/Frameworks @loader_path/Frameworks";
				PRODUCT_BUNDLE_IDENTIFIER = com.mfile.BiLingUITests;
				PRODUCT_NAME = "$(TARGET_NAME)";
				TEST_TARGET_NAME = BiLing;
			};
			name = Debug;
		};
		BAB40B011D73CED5008DD2D5 /* Release */ = {
			isa = XCBuildConfiguration;
			buildSettings = {
				INFOPLIST_FILE = BiLingUITests/Info.plist;
				LD_RUNPATH_SEARCH_PATHS = "$(inherited) @executable_path/Frameworks @loader_path/Frameworks";
				PRODUCT_BUNDLE_IDENTIFIER = com.mfile.BiLingUITests;
				PRODUCT_NAME = "$(TARGET_NAME)";
				TEST_TARGET_NAME = BiLing;
			};
			name = Release;
		};
/* End XCBuildConfiguration section */

/* Begin XCConfigurationList section */
		BAB40AC71D73CED3008DD2D5 /* Build configuration list for PBXProject "BiLing" */ = {
			isa = XCConfigurationList;
			buildConfigurations = (
				BAB40AF71D73CED5008DD2D5 /* Debug */,
				BAB40AF81D73CED5008DD2D5 /* Release */,
			);
			defaultConfigurationIsVisible = 0;
			defaultConfigurationName = Release;
		};
		BAB40AF91D73CED5008DD2D5 /* Build configuration list for PBXNativeTarget "BiLing" */ = {
			isa = XCConfigurationList;
			buildConfigurations = (
				BAB40AFA1D73CED5008DD2D5 /* Debug */,
				BAB40AFB1D73CED5008DD2D5 /* Release */,
			);
			defaultConfigurationIsVisible = 0;
			defaultConfigurationName = Release;
		};
		BAB40AFC1D73CED5008DD2D5 /* Build configuration list for PBXNativeTarget "BiLingTests" */ = {
			isa = XCConfigurationList;
			buildConfigurations = (
				BAB40AFD1D73CED5008DD2D5 /* Debug */,
				BAB40AFE1D73CED5008DD2D5 /* Release */,
			);
			defaultConfigurationIsVisible = 0;
			defaultConfigurationName = Release;
		};
		BAB40AFF1D73CED5008DD2D5 /* Build configuration list for PBXNativeTarget "BiLingUITests" */ = {
			isa = XCConfigurationList;
			buildConfigurations = (
				BAB40B001D73CED5008DD2D5 /* Debug */,
				BAB40B011D73CED5008DD2D5 /* Release */,
			);
			defaultConfigurationIsVisible = 0;
			defaultConfigurationName = Release;
		};
/* End XCConfigurationList section */
	};
	rootObject = BAB40AC41D73CED3008DD2D5 /* Project object */;
}
